
Microsoft Visual Studio Solution File, Format Version 12.00
# Visual Studio 2013
VisualStudioVersion = 12.0.31101.0
MinimumVisualStudioVersion = 10.0.40219.1
Project("{FAE04EC0-301F-11D3-BF4B-00C04F79EFBC}") = "TestTask3", "TestTask3\TestTask3.csproj", "{F5362004-DD27-4DCE-9762-93894DBF3388}"
EndProject
Project("{FAE04EC0-301F-11D3-BF4B-00C04F79EFBC}") = "TestTask3.Data", "TestTask3.Data\TestTask3.Data.csproj", "{43A27DC9-741C-4DB2-AC2C-5A82BF97BF57}"
EndProject
Project("{FAE04EC0-301F-11D3-BF4B-00C04F79EFBC}") = "TestTask3.Core", "TestTask3.Core\TestTask3.Core.csproj", "{8129FEEC-4995-4462-9D7D-0420D53FCEA2}"
EndProject
Global
	GlobalSection(SolutionConfigurationPlatforms) = preSolution
		Debug|Any CPU = Debug|Any CPU
		Release|Any CPU = Release|Any CPU
	EndGlobalSection
	GlobalSection(ProjectConfigurationPlatforms) = postSolution
		{F5362004-DD27-4DCE-9762-93894DBF3388}.Debug|Any CPU.ActiveCfg = Debug|Any CPU
		{F5362004-DD27-4DCE-9762-93894DBF3388}.Debug|Any CPU.Build.0 = Debug|Any CPU
		{F5362004-DD27-4DCE-9762-93894DBF3388}.Release|Any CPU.ActiveCfg = Release|Any CPU
		{F5362004-DD27-4DCE-9762-93894DBF3388}.Release|Any CPU.Build.0 = Release|Any CPU
		{43A27DC9-741C-4DB2-AC2C-5A82BF97BF57}.Debug|Any CPU.ActiveCfg = Debug|Any CPU
		{43A27DC9-741C-4DB2-AC2C-5A82BF97BF57}.Debug|Any CPU.Build.0 = Debug|Any CPU
		{43A27DC9-741C-4DB2-AC2C-5A82BF97BF57}.Release|Any CPU.ActiveCfg = Release|Any CPU
		{43A27DC9-741C-4DB2-AC2C-5A82BF97BF57}.Release|Any CPU.Build.0 = Release|Any CPU
		{8129FEEC-4995-4462-9D7D-0420D53FCEA2}.Debug|Any CPU.ActiveCfg = Debug|Any CPU
		{8129FEEC-4995-4462-9D7D-0420D53FCEA2}.Debug|Any CPU.Build.0 = Debug|Any CPU
		{8129FEEC-4995-4462-9D7D-0420D53FCEA2}.Release|Any CPU.ActiveCfg = Release|Any CPU
		{8129FEEC-4995-4462-9D7D-0420D53FCEA2}.Release|Any CPU.Build.0 = Release|Any CPU
	EndGlobalSection
	GlobalSection(SolutionProperties) = preSolution
		HideSolutionNode = FALSE
	EndGlobalSection
EndGlobal
